[[tools."aqua:vektra/mockery"]]
version = "3.5.3"
backend = "aqua:vektra/mockery"

[tools."aqua:vektra/mockery".platforms.linux-x64]
checksum = "sha256:ebce416b0175338525246c376885a1579ca6cd4d4015140ba0c70e6b5339a39c"
size = 5498859
url = "https://github.com/vektra/mockery/releases/download/v3.5.3/mockery_3.5.3_Linux_x86_64.tar.gz"

[[tools.go]]
version = "1.23.12"
backend = "core:go"

[tools.go.platforms.linux-x64]
checksum = "sha256:d3847fef834e9db11bf64e3fb34db9c04db14e068eeb064f49af747010454f90"
size = 73666637
url = "https://dl.google.com/go/go1.23.12.linux-amd64.tar.gz"

[tools.go.platforms.macos-arm64]
checksum = "sha256:5bfa117e401ae64e7ffb960243c448b535fe007e682a13ff6c7371f4a6f0ccaa"
size = 71669468
url = "https://dl.google.com/go/go1.23.12.darwin-arm64.tar.gz"

[[tools.golangci-lint]]
version = "2.2.2"
backend = "aqua:golangci/golangci-lint"

[tools.golangci-lint.platforms.linux-x64]
checksum = "sha256:c27fbde948a87d326feacd21df2f61a9c54dbd2e3bfa185c0a1cd6917a6f964f"
size = 13980198
url = "https://github.com/golangci/golangci-lint/releases/download/v2.2.2/golangci-lint-2.2.2-linux-amd64.tar.gz"

[[tools.protoc]]
version = "27.3"
backend = "aqua:protocolbuffers/protobuf/protoc"

[tools.protoc.platforms.linux-x64]
checksum = "blake3:8c2938accf7061164ea3968529a47ced1db4824ca553857f6903c68ae4347739"
size = 3235873
url = "https://github.com/protocolbuffers/protobuf/releases/download/v27.3/protoc-27.3-linux-x86_64.zip"

[[tools.protoc-gen-go]]
version = "1.34.2"
backend = "aqua:protocolbuffers/protobuf-go/protoc-gen-go"

[tools.protoc-gen-go.platforms.linux-x64]
checksum = "blake3:f765e393e0f0b25070c13848d88f5e6303e66090132afa1b753e981507a4174e"
size = 1848331
url = "https://github.com/protocolbuffers/protobuf-go/releases/download/v1.34.2/protoc-gen-go.v1.34.2.linux.amd64.tar.gz"

[[tools.protoc-gen-go-grpc]]
version = "1.5.1"
backend = "aqua:grpc/grpc-go/protoc-gen-go-grpc"

[tools.protoc-gen-go-grpc.platforms.linux-x64]
checksum = "blake3:197739132f0408f017d0c83773ac1ace85c0572473fdd658ec6e4ccbf20e0552"
size = 4859466
url = "https://github.com/grpc/grpc-go/releases/download/cmd/protoc-gen-go-grpc/v1.5.1/protoc-gen-go-grpc.v1.5.1.linux.amd64.tar.gz"
